// !$*UTF8*$!
{
	archiveVersion = 1;
	classes = {
	};
	objectVersion = 56;
	objects = {

/* Begin PBXBuildFile section */
		67F6FE602C521B41000610B2 /* AloneProjectApp.swift in Sources */ = {isa = PBXBuildFile; fileRef = 67F6FE5F2C521B41000610B2 /* AloneProjectApp.swift */; };
		67F6FE622C521B41000610B2 /* ContentView.swift in Sources */ = {isa = PBXBuildFile; fileRef = 67F6FE612C521B41000610B2 /* ContentView.swift */; };
		67F6FE642C521B43000610B2 /* Assets.xcassets in Resources */ = {isa = PBXBuildFile; fileRef = 67F6FE632C521B43000610B2 /* Assets.xcassets */; };
		67F6FE672C521B43000610B2 /* Preview Assets.xcassets in Resources */ = {isa = PBXBuildFile; fileRef = 67F6FE662C521B43000610B2 /* Preview Assets.xcassets */; };
		67F6FE712C521B44000610B2 /* AloneProjectTests.swift in Sources */ = {isa = PBXBuildFile; fileRef = 67F6FE702C521B44000610B2 /* AloneProjectTests.swift */; };
		67F6FE7B2C521B44000610B2 /* AloneProjectUITests.swift in Sources */ = {isa = PBXBuildFile; fileRef = 67F6FE7A2C521B44000610B2 /* AloneProjectUITests.swift */; };
		67F6FE7D2C521B44000610B2 /* AloneProjectUITestsLaunchTests.swift in Sources */ = {isa = PBXBuildFile; fileRef = 67F6FE7C2C521B44000610B2 /* AloneProjectUITestsLaunchTests.swift */; };
		67F6FE8A2C523577000610B2 /* UserInfo.swift in Sources */ = {isa = PBXBuildFile; fileRef = 67F6FE892C523577000610B2 /* UserInfo.swift */; };
		67F6FEC22C5363E3000610B2 /* UserSetting.swift in Sources */ = {isa = PBXBuildFile; fileRef = 67F6FEC12C5363E3000610B2 /* UserSetting.swift */; };
		67F6FEC42C5363EC000610B2 /* ListView.swift in Sources */ = {isa = PBXBuildFile; fileRef = 67F6FEC32C5363EC000610B2 /* ListView.swift */; };
/* End PBXBuildFile section */

/* Begin PBXContainerItemProxy section */
		67F6FE6D2C521B44000610B2 /* PBXContainerItemProxy */ = {
			isa = PBXContainerItemProxy;
			containerPortal = 67F6FE542C521B41000610B2 /* Project object */;
			proxyType = 1;
			remoteGlobalIDString = 67F6FE5B2C521B41000610B2;
			remoteInfo = AloneProject;
		};
		67F6FE772C521B44000610B2 /* PBXContainerItemProxy */ = {
			isa = PBXContainerItemProxy;
			containerPortal = 67F6FE542C521B41000610B2 /* Project object */;
			proxyType = 1;
			remoteGlobalIDString = 67F6FE5B2C521B41000610B2;
			remoteInfo = AloneProject;
		};
/* End PBXContainerItemProxy section */

/* Begin PBXFileReference section */
		67F6FE5C2C521B41000610B2 /* AloneProject.app */ = {isa = PBXFileReference; explicitFileType = wrapper.application; includeInIndex = 0; path = AloneProject.app; sourceTree = BUILT_PRODUCTS_DIR; };
		67F6FE5F2C521B41000610B2 /* AloneProjectApp.swift */ = {isa = PBXFileReference; lastKnownFileType = sourcecode.swift; path = AloneProjectApp.swift; sourceTree = "<group>"; };
		67F6FE612C521B41000610B2 /* ContentView.swift */ = {isa = PBXFileReference; lastKnownFileType = sourcecode.swift; path = ContentView.swift; sourceTree = "<group>"; };
		67F6FE632C521B43000610B2 /* Assets.xcassets */ = {isa = PBXFileReference; lastKnownFileType = folder.assetcatalog; path = Assets.xcassets; sourceTree = "<group>"; };
		67F6FE662C521B43000610B2 /* Preview Assets.xcassets */ = {isa = PBXFileReference; lastKnownFileType = folder.assetcatalog; path = "Preview Assets.xcassets"; sourceTree = "<group>"; };
		67F6FE6C2C521B44000610B2 /* AloneProjectTests.xctest */ = {isa = PBXFileReference; explicitFileType = wrapper.cfbundle; includeInIndex = 0; path = AloneProjectTests.xctest; sourceTree = BUILT_PRODUCTS_DIR; };
		67F6FE702C521B44000610B2 /* AloneProjectTests.swift */ = {isa = PBXFileReference; lastKnownFileType = sourcecode.swift; path = AloneProjectTests.swift; sourceTree = "<group>"; };
		67F6FE762C521B44000610B2 /* AloneProjectUITests.xctest */ = {isa = PBXFileReference; explicitFileType = wrapper.cfbundle; includeInIndex = 0; path = AloneProjectUITests.xctest; sourceTree = BUILT_PRODUCTS_DIR; };
		67F6FE7A2C521B44000610B2 /* AloneProjectUITests.swift */ = {isa = PBXFileReference; lastKnownFileType = sourcecode.swift; path = AloneProjectUITests.swift; sourceTree = "<group>"; };
		67F6FE7C2C521B44000610B2 /* AloneProjectUITestsLaunchTests.swift */ = {isa = PBXFileReference; lastKnownFileType = sourcecode.swift; path = AloneProjectUITestsLaunchTests.swift; sourceTree = "<group>"; };
		67F6FE892C523577000610B2 /* UserInfo.swift */ = {isa = PBXFileReference; lastKnownFileType = sourcecode.swift; path = UserInfo.swift; sourceTree = "<group>"; };
		67F6FEC12C5363E3000610B2 /* UserSetting.swift */ = {isa = PBXFileReference; lastKnownFileType = sourcecode.swift; path = UserSetting.swift; sourceTree = "<group>"; };
		67F6FEC32C5363EC000610B2 /* ListView.swift */ = {isa = PBXFileReference; lastKnownFileType = sourcecode.swift; path = ListView.swift; sourceTree = "<group>"; };
/* End PBXFileReference section */

/* Begin PBXFrameworksBuildPhase section */
		67F6FE592C521B41000610B2 /* Frameworks */ = {
			isa = PBXFrameworksBuildPhase;
			buildActionMask = 2147483647;
			files = (
			);
			runOnlyForDeploymentPostprocessing = 0;
		};
		67F6FE692C521B44000610B2 /* Frameworks */ = {
			isa = PBXFrameworksBuildPhase;
			buildActionMask = 2147483647;
			files = (
			);
			runOnlyForDeploymentPostprocessing = 0;
		};
		67F6FE732C521B44000610B2 /* Frameworks */ = {
			isa = PBXFrameworksBuildPhase;
			buildActionMask = 2147483647;
			files = (
			);
			runOnlyForDeploymentPostprocessing = 0;
		};
/* End PBXFrameworksBuildPhase section */

/* Begin PBXGroup section */
		67F6FE532C521B41000610B2 = {
			isa = PBXGroup;
			children = (
				67F6FE5E2C521B41000610B2 /* AloneProject */,
				67F6FE6F2C521B44000610B2 /* AloneProjectTests */,
				67F6FE792C521B44000610B2 /* AloneProjectUITests */,
				67F6FE5D2C521B41000610B2 /* Products */,
			);
			sourceTree = "<group>";
		};
		67F6FE5D2C521B41000610B2 /* Products */ = {
			isa = PBXGroup;
			children = (
				67F6FE5C2C521B41000610B2 /* AloneProject.app */,
				67F6FE6C2C521B44000610B2 /* AloneProjectTests.xctest */,
				67F6FE762C521B44000610B2 /* AloneProjectUITests.xctest */,
			);
			name = Products;
			sourceTree = "<group>";
		};
		67F6FE5E2C521B41000610B2 /* AloneProject */ = {
			isa = PBXGroup;
			children = (
				67F6FE5F2C521B41000610B2 /* AloneProjectApp.swift */,
				67F6FE612C521B41000610B2 /* ContentView.swift */,
				67F6FE632C521B43000610B2 /* Assets.xcassets */,
				67F6FE652C521B43000610B2 /* Preview Content */,
				67F6FE892C523577000610B2 /* UserInfo.swift */,
				67F6FEC12C5363E3000610B2 /* UserSetting.swift */,
				67F6FEC32C5363EC000610B2 /* ListView.swift */,
			);
			path = AloneProject;
			sourceTree = "<group>";
		};
		67F6FE652C521B43000610B2 /* Preview Content */ = {
			isa = PBXGroup;
			children = (
				67F6FE662C521B43000610B2 /* Preview Assets.xcassets */,
			);
			path = "Preview Content";
			sourceTree = "<group>";
		};
		67F6FE6F2C521B44000610B2 /* AloneProjectTests */ = {
			isa = PBXGroup;
			children = (
				67F6FE702C521B44000610B2 /* AloneProjectTests.swift */,
			);
			path = AloneProjectTests;
			sourceTree = "<group>";
		};
		67F6FE792C521B44000610B2 /* AloneProjectUITests */ = {
			isa = PBXGroup;
			children = (
				67F6FE7A2C521B44000610B2 /* AloneProjectUITests.swift */,
				67F6FE7C2C521B44000610B2 /* AloneProjectUITestsLaunchTests.swift */,
			);
			path = AloneProjectUITests;
			sourceTree = "<group>";
		};
/* End PBXGroup section */

/* Begin PBXNativeTarget section */
		67F6FE5B2C521B41000610B2 /* AloneProject */ = {
			isa = PBXNativeTarget;
			buildConfigurationList = 67F6FE802C521B44000610B2 /* Build configuration list for PBXNativeTarget "AloneProject" */;
			buildPhases = (
				67F6FE582C521B41000610B2 /* Sources */,
				67F6FE592C521B41000610B2 /* Frameworks */,
				67F6FE5A2C521B41000610B2 /* Resources */,
			);
			buildRules = (
			);
			dependencies = (
			);
			name = AloneProject;
			productName = AloneProject;
			productReference = 67F6FE5C2C521B41000610B2 /* AloneProject.app */;
			productType = "com.apple.product-type.application";
		};
		67F6FE6B2C521B44000610B2 /* AloneProjectTests */ = {
			isa = PBXNativeTarget;
			buildConfigurationList = 67F6FE832C521B44000610B2 /* Build configuration list for PBXNativeTarget "AloneProjectTests" */;
			buildPhases = (
				67F6FE682C521B44000610B2 /* Sources */,
				67F6FE692C521B44000610B2 /* Frameworks */,
				67F6FE6A2C521B44000610B2 /* Resources */,
			);
			buildRules = (
			);
			dependencies = (
				67F6FE6E2C521B44000610B2 /* PBXTargetDependency */,
			);
			name = AloneProjectTests;
			productName = AloneProjectTests;
			productReference = 67F6FE6C2C521B44000610B2 /* AloneProjectTests.xctest */;
			productType = "com.apple.product-type.bundle.unit-test";
		};
		67F6FE752C521B44000610B2 /* AloneProjectUITests */ = {
			isa = PBXNativeTarget;
			buildConfigurationList = 67F6FE862C521B44000610B2 /* Build configuration list for PBXNativeTarget "AloneProjectUITests" */;
			buildPhases = (
				67F6FE722C521B44000610B2 /* Sources */,
				67F6FE732C521B44000610B2 /* Frameworks */,
				67F6FE742C521B44000610B2 /* Resources */,
			);
			buildRules = (
			);
			dependencies = (
				67F6FE782C521B44000610B2 /* PBXTargetDependency */,
			);
			name = AloneProjectUITests;
			productName = AloneProjectUITests;
			productReference = 67F6FE762C521B44000610B2 /* AloneProjectUITests.xctest */;
			productType = "com.apple.product-type.bundle.ui-testing";
		};
/* End PBXNativeTarget section */

/* Begin PBXProject section */
		67F6FE542C521B41000610B2 /* Project object */ = {
			isa = PBXProject;
			attributes = {
				BuildIndependentTargetsInParallel = 1;
				LastSwiftUpdateCheck = 1540;
				LastUpgradeCheck = 1540;
				TargetAttributes = {
					67F6FE5B2C521B41000610B2 = {
						CreatedOnToolsVersion = 15.4;
					};
					67F6FE6B2C521B44000610B2 = {
						CreatedOnToolsVersion = 15.4;
						TestTargetID = 67F6FE5B2C521B41000610B2;
					};
					67F6FE752C521B44000610B2 = {
						CreatedOnToolsVersion = 15.4;
						TestTargetID = 67F6FE5B2C521B41000610B2;
					};
				};
			};
			buildConfigurationList = 67F6FE572C521B41000610B2 /* Build configuration list for PBXProject "AloneProject" */;
			compatibilityVersion = "Xcode 14.0";
			developmentRegion = en;
			hasScannedForEncodings = 0;
			knownRegions = (
				en,
				Base,
			);
			mainGroup = 67F6FE532C521B41000610B2;
			productRefGroup = 67F6FE5D2C521B41000610B2 /* Products */;
			projectDirPath = "";
			projectRoot = "";
			targets = (
				67F6FE5B2C521B41000610B2 /* AloneProject */,
				67F6FE6B2C521B44000610B2 /* AloneProjectTests */,
				67F6FE752C521B44000610B2 /* AloneProjectUITests */,
			);
		};
/* End PBXProject section */

/* Begin PBXResourcesBuildPhase section */
		67F6FE5A2C521B41000610B2 /* Resources */ = {
			isa = PBXResourcesBuildPhase;
			buildActionMask = 2147483647;
			files = (
				67F6FE672C521B43000610B2 /* Preview Assets.xcassets in Resources */,
				67F6FE642C521B43000610B2 /* Assets.xcassets in Resources */,
			);
			runOnlyForDeploymentPostprocessing = 0;
		};
		67F6FE6A2C521B44000610B2 /* Resources */ = {
			isa = PBXResourcesBuildPhase;
			buildActionMask = 2147483647;
			files = (
			);
			runOnlyForDeploymentPostprocessing = 0;
		};
		67F6FE742C521B44000610B2 /* Resources */ = {
			isa = PBXResourcesBuildPhase;
			buildActionMask = 2147483647;
			files = (
			);
			runOnlyForDeploymentPostprocessing = 0;
		};
/* End PBXResourcesBuildPhase section */

/* Begin PBXSourcesBuildPhase section */
		67F6FE582C521B41000610B2 /* Sources */ = {
			isa = PBXSourcesBuildPhase;
			buildActionMask = 2147483647;
			files = (
				67F6FE622C521B41000610B2 /* ContentView.swift in Sources */,
				67F6FEC22C5363E3000610B2 /* UserSetting.swift in Sources */,
				67F6FEC42C5363EC000610B2 /* ListView.swift in Sources */,
				67F6FE8A2C523577000610B2 /* UserInfo.swift in Sources */,
				67F6FE602C521B41000610B2 /* AloneProjectApp.swift in Sources */,
			);
			runOnlyForDeploymentPostprocessing = 0;
		};
		67F6FE682C521B44000610B2 /* Sources */ = {
			isa = PBXSourcesBuildPhase;
			buildActionMask = 2147483647;
			files = (
				67F6FE712C521B44000610B2 /* AloneProjectTests.swift in Sources */,
			);
			runOnlyForDeploymentPostprocessing = 0;
		};
		67F6FE722C521B44000610B2 /* Sources */ = {
			isa = PBXSourcesBuildPhase;
			buildActionMask = 2147483647;
			files = (
				67F6FE7D2C521B44000610B2 /* AloneProjectUITestsLaunchTests.swift in Sources */,
				67F6FE7B2C521B44000610B2 /* AloneProjectUITests.swift in Sources */,
			);
			runOnlyForDeploymentPostprocessing = 0;
		};
/* End PBXSourcesBuildPhase section */

/* Begin PBXTargetDependency section */
		67F6FE6E2C521B44000610B2 /* PBXTargetDependency */ = {
			isa = PBXTargetDependency;
			target = 67F6FE5B2C521B41000610B2 /* AloneProject */;
			targetProxy = 67F6FE6D2C521B44000610B2 /* PBXContainerItemProxy */;
		};
		67F6FE782C521B44000610B2 /* PBXTargetDependency */ = {
			isa = PBXTargetDependency;
			target = 67F6FE5B2C521B41000610B2 /* AloneProject */;
			targetProxy = 67F6FE772C521B44000610B2 /* PBXContainerItemProxy */;
		};
/* End PBXTargetDependency section */

/* Begin XCBuildConfiguration section */
		67F6FE7E2C521B44000610B2 /* Debug */ = {
			isa = XCBuildConfiguration;
			buildSettings = {
				ALWAYS_SEARCH_USER_PATHS = NO;
				ASSETCATALOG_COMPILER_GENERATE_SWIFT_ASSET_SYMBOL_EXTENSIONS = YES;
				CLANG_ANALYZER_NONNULL = YES;
				CLANG_ANALYZER_NUMBER_OBJECT_CONVERSION = YES_AGGRESSIVE;
				CLANG_CXX_LANGUAGE_STANDARD = "gnu++20";
				CLANG_ENABLE_MODULES = YES;
				CLANG_ENABLE_OBJC_ARC = YES;
				CLANG_ENABLE_OBJC_WEAK = YES;
				CLANG_WARN_BLOCK_CAPTURE_AUTORELEASING = YES;
				CLANG_WARN_BOOL_CONVERSION = YES;
				CLANG_WARN_COMMA = YES;
				CLANG_WARN_CONSTANT_CONVERSION = YES;
				CLANG_WARN_DEPRECATED_OBJC_IMPLEMENTATIONS = YES;
				CLANG_WARN_DIRECT_OBJC_ISA_USAGE = YES_ERROR;
				CLANG_WARN_DOCUMENTATION_COMMENTS = YES;
				CLANG_WARN_EMPTY_BODY = YES;
				CLANG_WARN_ENUM_CONVERSION = YES;
				CLANG_WARN_INFINITE_RECURSION = YES;
				CLANG_WARN_INT_CONVERSION = YES;
				CLANG_WARN_NON_LITERAL_NULL_CONVERSION = YES;
				CLANG_WARN_OBJC_IMPLICIT_RETAIN_SELF = YES;
				CLANG_WARN_OBJC_LITERAL_CONVERSION = YES;
				CLANG_WARN_OBJC_ROOT_CLASS = YES_ERROR;
				CLANG_WARN_QUOTED_INCLUDE_IN_FRAMEWORK_HEADER = YES;
				CLANG_WARN_RANGE_LOOP_ANALYSIS = YES;
				CLANG_WARN_STRICT_PROTOTYPES = YES;
				CLANG_WARN_SUSPICIOUS_MOVE = YES;
				CLANG_WARN_UNGUARDED_AVAILABILITY = YES_AGGRESSIVE;
				CLANG_WARN_UNREACHABLE_CODE = YES;
				CLANG_WARN__DUPLICATE_METHOD_MATCH = YES;
				COPY_PHASE_STRIP = NO;
				DEBUG_INFORMATION_FORMAT = dwarf;
				ENABLE_STRICT_OBJC_MSGSEND = YES;
				ENABLE_TESTABILITY = YES;
				ENABLE_USER_SCRIPT_SANDBOXING = YES;
				GCC_C_LANGUAGE_STANDARD = gnu17;
				GCC_DYNAMIC_NO_PIC = NO;
				GCC_NO_COMMON_BLOCKS = YES;
				GCC_OPTIMIZATION_LEVEL = 0;
				GCC_PREPROCESSOR_DEFINITIONS = (
					"DEBUG=1",
					"$(inherited)",
				);
				GCC_WARN_64_TO_32_BIT_CONVERSION = YES;
				GCC_WARN_ABOUT_RETURN_TYPE = YES_ERROR;
				GCC_WARN_UNDECLARED_SELECTOR = YES;
				GCC_WARN_UNINITIALIZED_AUTOS = YES_AGGRESSIVE;
				GCC_WARN_UNUSED_FUNCTION = YES;
				GCC_WARN_UNUSED_VARIABLE = YES;
				IPHONEOS_DEPLOYMENT_TARGET = 17.5;
				LOCALIZATION_PREFERS_STRING_CATALOGS = YES;
				MTL_ENABLE_DEBUG_INFO = INCLUDE_SOURCE;
				MTL_FAST_MATH = YES;
				ONLY_ACTIVE_ARCH = YES;
				SDKROOT = iphoneos;
				SWIFT_ACTIVE_COMPILATION_CONDITIONS = "DEBUG $(inherited)";
				SWIFT_OPTIMIZATION_LEVEL = "-Onone";
			};
			name = Debug;
		};
		67F6FE7F2C521B44000610B2 /* Release */ = {
			isa = XCBuildConfiguration;
			buildSettings = {
				ALWAYS_SEARCH_USER_PATHS = NO;
				ASSETCATALOG_COMPILER_GENERATE_SWIFT_ASSET_SYMBOL_EXTENSIONS = YES;
				CLANG_ANALYZER_NONNULL = YES;
				CLANG_ANALYZER_NUMBER_OBJECT_CONVERSION = YES_AGGRESSIVE;
				CLANG_CXX_LANGUAGE_STANDARD = "gnu++20";
				CLANG_ENABLE_MODULES = YES;
				CLANG_ENABLE_OBJC_ARC = YES;
				CLANG_ENABLE_OBJC_WEAK = YES;
				CLANG_WARN_BLOCK_CAPTURE_AUTORELEASING = YES;
				CLANG_WARN_BOOL_CONVERSION = YES;
				CLANG_WARN_COMMA = YES;
				CLANG_WARN_CONSTANT_CONVERSION = YES;
				CLANG_WARN_DEPRECATED_OBJC_IMPLEMENTATIONS = YES;
				CLANG_WARN_DIRECT_OBJC_ISA_USAGE = YES_ERROR;
				CLANG_WARN_DOCUMENTATION_COMMENTS = YES;
				CLANG_WARN_EMPTY_BODY = YES;
				CLANG_WARN_ENUM_CONVERSION = YES;
				CLANG_WARN_INFINITE_RECURSION = YES;
				CLANG_WARN_INT_CONVERSION = YES;
				CLANG_WARN_NON_LITERAL_NULL_CONVERSION = YES;
				CLANG_WARN_OBJC_IMPLICIT_RETAIN_SELF = YES;
				CLANG_WARN_OBJC_LITERAL_CONVERSION = YES;
				CLANG_WARN_OBJC_ROOT_CLASS = YES_ERROR;
				CLANG_WARN_QUOTED_INCLUDE_IN_FRAMEWORK_HEADER = YES;
				CLANG_WARN_RANGE_LOOP_ANALYSIS = YES;
				CLANG_WARN_STRICT_PROTOTYPES = YES;
				CLANG_WARN_SUSPICIOUS_MOVE = YES;
				CLANG_WARN_UNGUARDED_AVAILABILITY = YES_AGGRESSIVE;
				CLANG_WARN_UNREACHABLE_CODE = YES;
				CLANG_WARN__DUPLICATE_METHOD_MATCH = YES;
				COPY_PHASE_STRIP = NO;
				DEBUG_INFORMATION_FORMAT = "dwarf-with-dsym";
				ENABLE_NS_ASSERTIONS = NO;
				ENABLE_STRICT_OBJC_MSGSEND = YES;
				ENABLE_USER_SCRIPT_SANDBOXING = YES;
				GCC_C_LANGUAGE_STANDARD = gnu17;
				GCC_NO_COMMON_BLOCKS = YES;
				GCC_WARN_64_TO_32_BIT_CONVERSION = YES;
				GCC_WARN_ABOUT_RETURN_TYPE = YES_ERROR;
				GCC_WARN_UNDECLARED_SELECTOR = YES;
				GCC_WARN_UNINITIALIZED_AUTOS = YES_AGGRESSIVE;
				GCC_WARN_UNUSED_FUNCTION = YES;
				GCC_WARN_UNUSED_VARIABLE = YES;
				IPHONEOS_DEPLOYMENT_TARGET = 17.5;
				LOCALIZATION_PREFERS_STRING_CATALOGS = YES;
				MTL_ENABLE_DEBUG_INFO = NO;
				MTL_FAST_MATH = YES;
				SDKROOT = iphoneos;
				SWIFT_COMPILATION_MODE = wholemodule;
				VALIDATE_PRODUCT = YES;
			};
			name = Release;
		};
		67F6FE812C521B44000610B2 /* Debug */ = {
			isa = XCBuildConfiguration;
			buildSettings = {
				ASSETCATALOG_COMPILER_APPICON_NAME = AppIcon;
				ASSETCATALOG_COMPILER_GLOBAL_ACCENT_COLOR_NAME = AccentColor;
				CODE_SIGN_STYLE = Automatic;
				CURRENT_PROJECT_VERSION = 1;
				DEVELOPMENT_ASSET_PATHS = "\"AloneProject/Preview Content\"";
				ENABLE_PREVIEWS = YES;
				GENERATE_INFOPLIST_FILE = YES;
				INFOPLIST_KEY_UIApplicationSceneManifest_Generation = YES;
				INFOPLIST_KEY_UIApplicationSupportsIndirectInputEvents = YES;
				INFOPLIST_KEY_UILaunchScreen_Generation = YES;
				INFOPLIST_KEY_UISupportedInterfaceOrientations_iPad = "UIInterfaceOrientationPortrait UIInterfaceOrientationPortraitUpsideDown UIInterfaceOrientationLandscapeLeft UIInterfaceOrientationLandscapeRight";
				INFOPLIST_KEY_UISupportedInterfaceOrientations_iPhone = "UIInterfaceOrientationPortrait UIInterfaceOrientationLandscapeLeft UIInterfaceOrientationLandscapeRight";
				LD_RUNPATH_SEARCH_PATHS = (
					"$(inherited)",
					"@executable_path/Frameworks",
				);
				MARKETING_VERSION = 1.0;
				PRODUCT_BUNDLE_IDENTIFIER = AloneProject.AloneProject;
				PRODUCT_NAME = "$(TARGET_NAME)";
				SWIFT_EMIT_LOC_STRINGS = YES;
				SWIFT_VERSION = 5.0;
				TARGETED_DEVICE_FAMILY = "1,2";
			};
			name = Debug;
		};
		67F6FE822C521B44000610B2 /* Release */ = {
			isa = XCBuildConfiguration;
			buildSettings = {
				ASSETCATALOG_COMPILER_APPICON_NAME = AppIcon;
				ASSETCATALOG_COMPILER_GLOBAL_ACCENT_COLOR_NAME = AccentColor;
				CODE_SIGN_STYLE = Automatic;
				CURRENT_PROJECT_VERSION = 1;
				DEVELOPMENT_ASSET_PATHS = "\"AloneProject/Preview Content\"";
				ENABLE_PREVIEWS = YES;
				GENERATE_INFOPLIST_FILE = YES;
				INFOPLIST_KEY_UIApplicationSceneManifest_Generation = YES;
				INFOPLIST_KEY_UIApplicationSupportsIndirectInputEvents = YES;
				INFOPLIST_KEY_UILaunchScreen_Generation = YES;
				INFOPLIST_KEY_UISupportedInterfaceOrientations_iPad = "UIInterfaceOrientationPortrait UIInterfaceOrientationPortraitUpsideDown UIInterfaceOrientationLandscapeLeft UIInterfaceOrientationLandscapeRight";
				INFOPLIST_KEY_UISupportedInterfaceOrientations_iPhone = "UIInterfaceOrientationPortrait UIInterfaceOrientationLandscapeLeft UIInterfaceOrientationLandscapeRight";
				LD_RUNPATH_SEARCH_PATHS = (
					"$(inherited)",
					"@executable_path/Frameworks",
				);
				MARKETING_VERSION = 1.0;
				PRODUCT_BUNDLE_IDENTIFIER = AloneProject.AloneProject;
				PRODUCT_NAME = "$(TARGET_NAME)";
				SWIFT_EMIT_LOC_STRINGS = YES;
				SWIFT_VERSION = 5.0;
				TARGETED_DEVICE_FAMILY = "1,2";
			};
			name = Release;
		};
		67F6FE842C521B44000610B2 /* Debug */ = {
			isa = XCBuildConfiguration;
			buildSettings = {
				ALWAYS_EMBED_SWIFT_STANDARD_LIBRARIES = YES;
				BUNDLE_LOADER = "$(TEST_HOST)";
				CODE_SIGN_STYLE = Automatic;
				CURRENT_PROJECT_VERSION = 1;
				GENERATE_INFOPLIST_FILE = YES;
				IPHONEOS_DEPLOYMENT_TARGET = 17.5;
				MARKETING_VERSION = 1.0;
				PRODUCT_BUNDLE_IDENTIFIER = AloneProject.AloneProjectTests;
				PRODUCT_NAME = "$(TARGET_NAME)";
				SWIFT_EMIT_LOC_STRINGS = NO;
				SWIFT_VERSION = 5.0;
				TARGETED_DEVICE_FAMILY = "1,2";
				TEST_HOST = "$(BUILT_PRODUCTS_DIR)/AloneProject.app/$(BUNDLE_EXECUTABLE_FOLDER_PATH)/AloneProject";
			};
			name = Debug;
		};
		67F6FE852C521B44000610B2 /* Release */ = {
			isa = XCBuildConfiguration;
			buildSettings = {
				ALWAYS_EMBED_SWIFT_STANDARD_LIBRARIES = YES;
				BUNDLE_LOADER = "$(TEST_HOST)";
				CODE_SIGN_STYLE = Automatic;
				CURRENT_PROJECT_VERSION = 1;
				GENERATE_INFOPLIST_FILE = YES;
				IPHONEOS_DEPLOYMENT_TARGET = 17.5;
				MARKETING_VERSION = 1.0;
				PRODUCT_BUNDLE_IDENTIFIER = AloneProject.AloneProjectTests;
				PRODUCT_NAME = "$(TARGET_NAME)";
				SWIFT_EMIT_LOC_STRINGS = NO;
				SWIFT_VERSION = 5.0;
				TARGETED_DEVICE_FAMILY = "1,2";
				TEST_HOST = "$(BUILT_PRODUCTS_DIR)/AloneProject.app/$(BUNDLE_EXECUTABLE_FOLDER_PATH)/AloneProject";
			};
			name = Release;
		};
		67F6FE872C521B44000610B2 /* Debug */ = {
			isa = XCBuildConfiguration;
			buildSettings = {
				ALWAYS_EMBED_SWIFT_STANDARD_LIBRARIES = YES;
				CODE_SIGN_STYLE = Automatic;
				CURRENT_PROJECT_VERSION = 1;
				GENERATE_INFOPLIST_FILE = YES;
				MARKETING_VERSION = 1.0;
				PRODUCT_BUNDLE_IDENTIFIER = AloneProject.AloneProjectUITests;
				PRODUCT_NAME = "$(TARGET_NAME)";
				SWIFT_EMIT_LOC_STRINGS = NO;
				SWIFT_VERSION = 5.0;
				TARGETED_DEVICE_FAMILY = "1,2";
				TEST_TARGET_NAME = AloneProject;
			};
			name = Debug;
		};
		67F6FE882C521B44000610B2 /* Release */ = {
			isa = XCBuildConfiguration;
			buildSettings = {
				ALWAYS_EMBED_SWIFT_STANDARD_LIBRARIES = YES;
				CODE_SIGN_STYLE = Automatic;
				CURRENT_PROJECT_VERSION = 1;
				GENERATE_INFOPLIST_FILE = YES;
				MARKETING_VERSION = 1.0;
				PRODUCT_BUNDLE_IDENTIFIER = AloneProject.AloneProjectUITests;
				PRODUCT_NAME = "$(TARGET_NAME)";
				SWIFT_EMIT_LOC_STRINGS = NO;
				SWIFT_VERSION = 5.0;
				TARGETED_DEVICE_FAMILY = "1,2";
				TEST_TARGET_NAME = AloneProject;
			};
			name = Release;
		};
/* End XCBuildConfiguration section */

/* Begin XCConfigurationList section */
		67F6FE572C521B41000610B2 /* Build configuration list for PBXProject "AloneProject" */ = {
			isa = XCConfigurationList;
			buildConfigurations = (
				67F6FE7E2C521B44000610B2 /* Debug */,
				67F6FE7F2C521B44000610B2 /* Release */,
			);
			defaultConfigurationIsVisible = 0;
			defaultConfigurationName = Release;
		};
		67F6FE802C521B44000610B2 /* Build configuration list for PBXNativeTarget "AloneProject" */ = {
			isa = XCConfigurationList;
			buildConfigurations = (
				67F6FE812C521B44000610B2 /* Debug */,
				67F6FE822C521B44000610B2 /* Release */,
			);
			defaultConfigurationIsVisible = 0;
			defaultConfigurationName = Release;
		};
		67F6FE832C521B44000610B2 /* Build configuration list for PBXNativeTarget "AloneProjectTests" */ = {
			isa = XCConfigurationList;
			buildConfigurations = (
				67F6FE842C521B44000610B2 /* Debug */,
				67F6FE852C521B44000610B2 /* Release */,
			);
			defaultConfigurationIsVisible = 0;
			defaultConfigurationName = Release;
		};
		67F6FE862C521B44000610B2 /* Build configuration list for PBXNativeTarget "AloneProjectUITests" */ = {
			isa = XCConfigurationList;
			buildConfigurations = (
				67F6FE872C521B44000610B2 /* Debug */,
				67F6FE882C521B44000610B2 /* Release */,
			);
			defaultConfigurationIsVisible = 0;
			defaultConfigurationName = Release;
		};
/* End XCConfigurationList section */
	};
	rootObject = 67F6FE542C521B41000610B2 /* Project object */;
}
